
Microsoft Visual Studio Solution File, Format Version 12.00
# Visual Studio Version 16
VisualStudioVersion = 16.0.31025.194
MinimumVisualStudioVersion = 10.0.40219.1
Project("{FAE04EC0-301F-11D3-BF4B-00C04F79EFBC}") = "Практика 8 Индивидуальное задание 12", "Практика 8 Индивидуальное задание 12\Практика 8 Индивидуальное задание 12.csproj", "{4C3DE372-0ADC-46B5-99C5-9D1632553A71}"
EndProject
Global
	GlobalSection(SolutionConfigurationPlatforms) = preSolution
		Debug|Any CPU = Debug|Any CPU
		Release|Any CPU = Release|Any CPU
	EndGlobalSection
	GlobalSection(ProjectConfigurationPlatforms) = postSolution
		{4C3DE372-0ADC-46B5-99C5-9D1632553A71}.Debug|Any CPU.ActiveCfg = Debug|Any CPU
		{4C3DE372-0ADC-46B5-99C5-9D1632553A71}.Debug|Any CPU.Build.0 = Debug|Any CPU
		{4C3DE372-0ADC-46B5-99C5-9D1632553A71}.Release|Any CPU.ActiveCfg = Release|Any CPU
		{4C3DE372-0ADC-46B5-99C5-9D1632553A71}.Release|Any CPU.Build.0 = Release|Any CPU
	EndGlobalSection
	GlobalSection(SolutionProperties) = preSolution
		HideSolutionNode = FALSE
	EndGlobalSection
	GlobalSection(ExtensibilityGlobals) = postSolution
		SolutionGuid = {7E144C5E-025B-4D02-9DA9-F845CFDDD386}
	EndGlobalSection
EndGlobal
