
Microsoft Visual Studio Solution File, Format Version 12.00
# Visual Studio Version 16
VisualStudioVersion = 16.0.31025.194
MinimumVisualStudioVersion = 10.0.40219.1
Project("{FAE04EC0-301F-11D3-BF4B-00C04F79EFBC}") = "Практика 8 Индивидуальные задания", "Практика 8 Индивидуальные задания\Практика 8 Индивидуальные задания.csproj", "{271CF24B-672B-49BB-9409-D7DD7F28FDA0}"
EndProject
Project("{FAE04EC0-301F-11D3-BF4B-00C04F79EFBC}") = "12", "12\12.csproj", "{1C13FD1A-E35C-4855-9012-383A796A6C0C}"
EndProject
Project("{FAE04EC0-301F-11D3-BF4B-00C04F79EFBC}") = "1", "1\1.csproj", "{567596CE-9CCC-4DA5-B42E-A231A45A960B}"
EndProject
Project("{FAE04EC0-301F-11D3-BF4B-00C04F79EFBC}") = "2", "2\2.csproj", "{9A09A489-BD4C-485C-94F6-85262008D27D}"
EndProject
Project("{FAE04EC0-301F-11D3-BF4B-00C04F79EFBC}") = "3", "3\3.csproj", "{8D633D20-3EB0-471A-882A-A9AF9DF433D0}"
EndProject
Project("{FAE04EC0-301F-11D3-BF4B-00C04F79EFBC}") = "4", "4\4.csproj", "{14B25F36-9791-4AED-A9F0-78F043EC8394}"
EndProject
Project("{FAE04EC0-301F-11D3-BF4B-00C04F79EFBC}") = "5", "5\5.csproj", "{DFFA5051-814F-4F0E-BF79-03F391312896}"
EndProject
Project("{FAE04EC0-301F-11D3-BF4B-00C04F79EFBC}") = "6", "6\6.csproj", "{0E057C5E-0EF1-448C-BFFA-A6205EEF20E0}"
EndProject
Project("{FAE04EC0-301F-11D3-BF4B-00C04F79EFBC}") = "7", "7\7.csproj", "{28016F8F-558E-439F-96AA-EC8F08CD7011}"
EndProject
Project("{FAE04EC0-301F-11D3-BF4B-00C04F79EFBC}") = "8", "8\8.csproj", "{36946BAD-14AC-496B-8929-AAF062D72A0C}"
EndProject
Project("{FAE04EC0-301F-11D3-BF4B-00C04F79EFBC}") = "9", "9\9.csproj", "{BE5AA293-5036-43DB-97C0-072FCD5EADC2}"
EndProject
Project("{FAE04EC0-301F-11D3-BF4B-00C04F79EFBC}") = "10", "10\10.csproj", "{B01B7122-3486-4F93-BF55-523293B56BAC}"
EndProject
Project("{FAE04EC0-301F-11D3-BF4B-00C04F79EFBC}") = "11", "11\11.csproj", "{3B730820-7104-485C-BCC4-D8977D6F23EE}"
EndProject
Project("{FAE04EC0-301F-11D3-BF4B-00C04F79EFBC}") = "13", "13\13.csproj", "{FCBB3FA0-34AF-4FDB-887A-E7CE413CE01F}"
EndProject
Project("{FAE04EC0-301F-11D3-BF4B-00C04F79EFBC}") = "14", "14\14.csproj", "{27066E21-0212-4B2C-A3A6-77E4A3AD29D4}"
EndProject
Project("{FAE04EC0-301F-11D3-BF4B-00C04F79EFBC}") = "15", "15\15.csproj", "{BA26CF5F-D1CC-4D39-9CA6-FBB360C67558}"
EndProject
Project("{FAE04EC0-301F-11D3-BF4B-00C04F79EFBC}") = "16", "16\16.csproj", "{4120C3CD-61B0-4729-9F83-1BD4D1CCA654}"
EndProject
Global
	GlobalSection(SolutionConfigurationPlatforms) = preSolution
		Debug|Any CPU = Debug|Any CPU
		Release|Any CPU = Release|Any CPU
	EndGlobalSection
	GlobalSection(ProjectConfigurationPlatforms) = postSolution
		{271CF24B-672B-49BB-9409-D7DD7F28FDA0}.Debug|Any CPU.ActiveCfg = Debug|Any CPU
		{271CF24B-672B-49BB-9409-D7DD7F28FDA0}.Debug|Any CPU.Build.0 = Debug|Any CPU
		{271CF24B-672B-49BB-9409-D7DD7F28FDA0}.Release|Any CPU.ActiveCfg = Release|Any CPU
		{271CF24B-672B-49BB-9409-D7DD7F28FDA0}.Release|Any CPU.Build.0 = Release|Any CPU
		{1C13FD1A-E35C-4855-9012-383A796A6C0C}.Debug|Any CPU.ActiveCfg = Debug|Any CPU
		{1C13FD1A-E35C-4855-9012-383A796A6C0C}.Debug|Any CPU.Build.0 = Debug|Any CPU
		{1C13FD1A-E35C-4855-9012-383A796A6C0C}.Release|Any CPU.ActiveCfg = Release|Any CPU
		{1C13FD1A-E35C-4855-9012-383A796A6C0C}.Release|Any CPU.Build.0 = Release|Any CPU
		{567596CE-9CCC-4DA5-B42E-A231A45A960B}.Debug|Any CPU.ActiveCfg = Debug|Any CPU
		{567596CE-9CCC-4DA5-B42E-A231A45A960B}.Debug|Any CPU.Build.0 = Debug|Any CPU
		{567596CE-9CCC-4DA5-B42E-A231A45A960B}.Release|Any CPU.ActiveCfg = Release|Any CPU
		{567596CE-9CCC-4DA5-B42E-A231A45A960B}.Release|Any CPU.Build.0 = Release|Any CPU
		{9A09A489-BD4C-485C-94F6-85262008D27D}.Debug|Any CPU.ActiveCfg = Debug|Any CPU
		{9A09A489-BD4C-485C-94F6-85262008D27D}.Debug|Any CPU.Build.0 = Debug|Any CPU
		{9A09A489-BD4C-485C-94F6-85262008D27D}.Release|Any CPU.ActiveCfg = Release|Any CPU
		{9A09A489-BD4C-485C-94F6-85262008D27D}.Release|Any CPU.Build.0 = Release|Any CPU
		{8D633D20-3EB0-471A-882A-A9AF9DF433D0}.Debug|Any CPU.ActiveCfg = Debug|Any CPU
		{8D633D20-3EB0-471A-882A-A9AF9DF433D0}.Debug|Any CPU.Build.0 = Debug|Any CPU
		{8D633D20-3EB0-471A-882A-A9AF9DF433D0}.Release|Any CPU.ActiveCfg = Release|Any CPU
		{8D633D20-3EB0-471A-882A-A9AF9DF433D0}.Release|Any CPU.Build.0 = Release|Any CPU
		{14B25F36-9791-4AED-A9F0-78F043EC8394}.Debug|Any CPU.ActiveCfg = Debug|Any CPU
		{14B25F36-9791-4AED-A9F0-78F043EC8394}.Debug|Any CPU.Build.0 = Debug|Any CPU
		{14B25F36-9791-4AED-A9F0-78F043EC8394}.Release|Any CPU.ActiveCfg = Release|Any CPU
		{14B25F36-9791-4AED-A9F0-78F043EC8394}.Release|Any CPU.Build.0 = Release|Any CPU
		{DFFA5051-814F-4F0E-BF79-03F391312896}.Debug|Any CPU.ActiveCfg = Debug|Any CPU
		{DFFA5051-814F-4F0E-BF79-03F391312896}.Debug|Any CPU.Build.0 = Debug|Any CPU
		{DFFA5051-814F-4F0E-BF79-03F391312896}.Release|Any CPU.ActiveCfg = Release|Any CPU
		{DFFA5051-814F-4F0E-BF79-03F391312896}.Release|Any CPU.Build.0 = Release|Any CPU
		{0E057C5E-0EF1-448C-BFFA-A6205EEF20E0}.Debug|Any CPU.ActiveCfg = Debug|Any CPU
		{0E057C5E-0EF1-448C-BFFA-A6205EEF20E0}.Debug|Any CPU.Build.0 = Debug|Any CPU
		{0E057C5E-0EF1-448C-BFFA-A6205EEF20E0}.Release|Any CPU.ActiveCfg = Release|Any CPU
		{0E057C5E-0EF1-448C-BFFA-A6205EEF20E0}.Release|Any CPU.Build.0 = Release|Any CPU
		{28016F8F-558E-439F-96AA-EC8F08CD7011}.Debug|Any CPU.ActiveCfg = Debug|Any CPU
		{28016F8F-558E-439F-96AA-EC8F08CD7011}.Debug|Any CPU.Build.0 = Debug|Any CPU
		{28016F8F-558E-439F-96AA-EC8F08CD7011}.Release|Any CPU.ActiveCfg = Release|Any CPU
		{28016F8F-558E-439F-96AA-EC8F08CD7011}.Release|Any CPU.Build.0 = Release|Any CPU
		{36946BAD-14AC-496B-8929-AAF062D72A0C}.Debug|Any CPU.ActiveCfg = Debug|Any CPU
		{36946BAD-14AC-496B-8929-AAF062D72A0C}.Debug|Any CPU.Build.0 = Debug|Any CPU
		{36946BAD-14AC-496B-8929-AAF062D72A0C}.Release|Any CPU.ActiveCfg = Release|Any CPU
		{36946BAD-14AC-496B-8929-AAF062D72A0C}.Release|Any CPU.Build.0 = Release|Any CPU
		{BE5AA293-5036-43DB-97C0-072FCD5EADC2}.Debug|Any CPU.ActiveCfg = Debug|Any CPU
		{BE5AA293-5036-43DB-97C0-072FCD5EADC2}.Debug|Any CPU.Build.0 = Debug|Any CPU
		{BE5AA293-5036-43DB-97C0-072FCD5EADC2}.Release|Any CPU.ActiveCfg = Release|Any CPU
		{BE5AA293-5036-43DB-97C0-072FCD5EADC2}.Release|Any CPU.Build.0 = Release|Any CPU
		{B01B7122-3486-4F93-BF55-523293B56BAC}.Debug|Any CPU.ActiveCfg = Debug|Any CPU
		{B01B7122-3486-4F93-BF55-523293B56BAC}.Debug|Any CPU.Build.0 = Debug|Any CPU
		{B01B7122-3486-4F93-BF55-523293B56BAC}.Release|Any CPU.ActiveCfg = Release|Any CPU
		{B01B7122-3486-4F93-BF55-523293B56BAC}.Release|Any CPU.Build.0 = Release|Any CPU
		{3B730820-7104-485C-BCC4-D8977D6F23EE}.Debug|Any CPU.ActiveCfg = Debug|Any CPU
		{3B730820-7104-485C-BCC4-D8977D6F23EE}.Debug|Any CPU.Build.0 = Debug|Any CPU
		{3B730820-7104-485C-BCC4-D8977D6F23EE}.Release|Any CPU.ActiveCfg = Release|Any CPU
		{3B730820-7104-485C-BCC4-D8977D6F23EE}.Release|Any CPU.Build.0 = Release|Any CPU
		{FCBB3FA0-34AF-4FDB-887A-E7CE413CE01F}.Debug|Any CPU.ActiveCfg = Debug|Any CPU
		{FCBB3FA0-34AF-4FDB-887A-E7CE413CE01F}.Debug|Any CPU.Build.0 = Debug|Any CPU
		{FCBB3FA0-34AF-4FDB-887A-E7CE413CE01F}.Release|Any CPU.ActiveCfg = Release|Any CPU
		{FCBB3FA0-34AF-4FDB-887A-E7CE413CE01F}.Release|Any CPU.Build.0 = Release|Any CPU
		{27066E21-0212-4B2C-A3A6-77E4A3AD29D4}.Debug|Any CPU.ActiveCfg = Debug|Any CPU
		{27066E21-0212-4B2C-A3A6-77E4A3AD29D4}.Debug|Any CPU.Build.0 = Debug|Any CPU
		{27066E21-0212-4B2C-A3A6-77E4A3AD29D4}.Release|Any CPU.ActiveCfg = Release|Any CPU
		{27066E21-0212-4B2C-A3A6-77E4A3AD29D4}.Release|Any CPU.Build.0 = Release|Any CPU
		{BA26CF5F-D1CC-4D39-9CA6-FBB360C67558}.Debug|Any CPU.ActiveCfg = Debug|Any CPU
		{BA26CF5F-D1CC-4D39-9CA6-FBB360C67558}.Debug|Any CPU.Build.0 = Debug|Any CPU
		{BA26CF5F-D1CC-4D39-9CA6-FBB360C67558}.Release|Any CPU.ActiveCfg = Release|Any CPU
		{BA26CF5F-D1CC-4D39-9CA6-FBB360C67558}.Release|Any CPU.Build.0 = Release|Any CPU
		{4120C3CD-61B0-4729-9F83-1BD4D1CCA654}.Debug|Any CPU.ActiveCfg = Debug|Any CPU
		{4120C3CD-61B0-4729-9F83-1BD4D1CCA654}.Debug|Any CPU.Build.0 = Debug|Any CPU
		{4120C3CD-61B0-4729-9F83-1BD4D1CCA654}.Release|Any CPU.ActiveCfg = Release|Any CPU
		{4120C3CD-61B0-4729-9F83-1BD4D1CCA654}.Release|Any CPU.Build.0 = Release|Any CPU
	EndGlobalSection
	GlobalSection(SolutionProperties) = preSolution
		HideSolutionNode = FALSE
	EndGlobalSection
	GlobalSection(ExtensibilityGlobals) = postSolution
		SolutionGuid = {9439C5E7-DA8B-440A-85A4-823701866C87}
	EndGlobalSection
EndGlobal
